// !$*UTF8*$!
{
	archiveVersion = 1;
	classes = {
	};
	objectVersion = 46;
	objects = {

/* Begin PBXBuildFile section */
		342643EA1B3BE6C900023D77 /* DataModel.m in Sources */ = {isa = PBXBuildFile; fileRef = 342643E91B3BE6C900023D77 /* DataModel.m */; };
		348F423E1B3AAF9900ED017D /* main.m in Sources */ = {isa = PBXBuildFile; fileRef = 348F423D1B3AAF9900ED017D /* main.m */; };
		348F42411B3AAF9900ED017D /* AppDelegate.m in Sources */ = {isa = PBXBuildFile; fileRef = 348F42401B3AAF9900ED017D /* AppDelegate.m */; };
		348F42431B3AAF9900ED017D /* Images.xcassets in Resources */ = {isa = PBXBuildFile; fileRef = 348F42421B3AAF9900ED017D /* Images.xcassets */; };
		348F42461B3AAF9900ED017D /* LaunchScreen.xib in Resources */ = {isa = PBXBuildFile; fileRef = 348F42441B3AAF9900ED017D /* LaunchScreen.xib */; };
		348F42521B3AAF9900ED017D /* FirstTests.m in Sources */ = {isa = PBXBuildFile; fileRef = 348F42511B3AAF9900ED017D /* FirstTests.m */; };
		348F426B1B3AEF2B00ED017D /* ThirdModelCell.m in Sources */ = {isa = PBXBuildFile; fileRef = 348F426A1B3AEF2B00ED017D /* ThirdModelCell.m */; };
		34ADDC181B3B9A9000355C54 /* ThirdViewController.m in Sources */ = {isa = PBXBuildFile; fileRef = 34ADDC171B3B9A9000355C54 /* ThirdViewController.m */; };
		34ADDC1E1B3BABA500355C54 /* ThirdPageModelCell.m in Sources */ = {isa = PBXBuildFile; fileRef = 34ADDC1D1B3BABA500355C54 /* ThirdPageModelCell.m */; };
		34DE2AA71B400F3E000C2442 /* MJRefreshAutoFooter.m in Sources */ = {isa = PBXBuildFile; fileRef = 34DE2A7D1B400F3E000C2442 /* MJRefreshAutoFooter.m */; };
		34DE2AA81B400F3E000C2442 /* MJRefreshBackFooter.m in Sources */ = {isa = PBXBuildFile; fileRef = 34DE2A7F1B400F3E000C2442 /* MJRefreshBackFooter.m */; };
		34DE2AA91B400F3E000C2442 /* MJRefreshComponent.m in Sources */ = {isa = PBXBuildFile; fileRef = 34DE2A811B400F3E000C2442 /* MJRefreshComponent.m */; settings = {COMPILER_FLAGS = "-fobjc-arc"; }; };
		34DE2AAA1B400F3E000C2442 /* MJRefreshFooter.m in Sources */ = {isa = PBXBuildFile; fileRef = 34DE2A831B400F3E000C2442 /* MJRefreshFooter.m */; };
		34DE2AAB1B400F3E000C2442 /* MJRefreshHeader.m in Sources */ = {isa = PBXBuildFile; fileRef = 34DE2A851B400F3E000C2442 /* MJRefreshHeader.m */; };
		34DE2AAC1B400F3E000C2442 /* MJRefreshAutoGifFooter.m in Sources */ = {isa = PBXBuildFile; fileRef = 34DE2A8A1B400F3E000C2442 /* MJRefreshAutoGifFooter.m */; settings = {COMPILER_FLAGS = "-fobjc-arc"; }; };
		34DE2AAD1B400F3E000C2442 /* MJRefreshAutoNormalFooter.m in Sources */ = {isa = PBXBuildFile; fileRef = 34DE2A8C1B400F3E000C2442 /* MJRefreshAutoNormalFooter.m */; settings = {COMPILER_FLAGS = "-fobjc-arc"; }; };
		34DE2AAE1B400F3E000C2442 /* MJRefreshAutoStateFooter.m in Sources */ = {isa = PBXBuildFile; fileRef = 34DE2A8E1B400F3E000C2442 /* MJRefreshAutoStateFooter.m */; };
		34DE2AAF1B400F3E000C2442 /* MJRefreshBackGifFooter.m in Sources */ = {isa = PBXBuildFile; fileRef = 34DE2A911B400F3E000C2442 /* MJRefreshBackGifFooter.m */; settings = {COMPILER_FLAGS = "-fobjc-arc"; }; };
		34DE2AB01B400F3E000C2442 /* MJRefreshBackNormalFooter.m in Sources */ = {isa = PBXBuildFile; fileRef = 34DE2A931B400F3E000C2442 /* MJRefreshBackNormalFooter.m */; settings = {COMPILER_FLAGS = "-fobjc-arc"; }; };
		34DE2AB11B400F3E000C2442 /* MJRefreshBackStateFooter.m in Sources */ = {isa = PBXBuildFile; fileRef = 34DE2A951B400F3E000C2442 /* MJRefreshBackStateFooter.m */; };
		34DE2AB21B400F3E000C2442 /* MJRefreshGifHeader.m in Sources */ = {isa = PBXBuildFile; fileRef = 34DE2A981B400F3E000C2442 /* MJRefreshGifHeader.m */; settings = {COMPILER_FLAGS = "-fobjc-arc"; }; };
		34DE2AB31B400F3E000C2442 /* MJRefreshNormalHeader.m in Sources */ = {isa = PBXBuildFile; fileRef = 34DE2A9A1B400F3E000C2442 /* MJRefreshNormalHeader.m */; settings = {COMPILER_FLAGS = "-fobjc-arc"; }; };
		34DE2AB41B400F3E000C2442 /* MJRefreshStateHeader.m in Sources */ = {isa = PBXBuildFile; fileRef = 34DE2A9C1B400F3E000C2442 /* MJRefreshStateHeader.m */; };
		34DE2AB51B400F3E000C2442 /* MJRefresh.bundle in Resources */ = {isa = PBXBuildFile; fileRef = 34DE2A9D1B400F3E000C2442 /* MJRefresh.bundle */; };
		34DE2AB61B400F3E000C2442 /* MJRefreshConst.m in Sources */ = {isa = PBXBuildFile; fileRef = 34DE2AA01B400F3E000C2442 /* MJRefreshConst.m */; };
		34DE2AB71B400F3E000C2442 /* UIScrollView+MJExtension.m in Sources */ = {isa = PBXBuildFile; fileRef = 34DE2AA21B400F3E000C2442 /* UIScrollView+MJExtension.m */; };
		34DE2AB81B400F3E000C2442 /* UIScrollView+MJRefresh.m in Sources */ = {isa = PBXBuildFile; fileRef = 34DE2AA41B400F3E000C2442 /* UIScrollView+MJRefresh.m */; };
		34DE2AB91B400F3E000C2442 /* UIView+MJExtension.m in Sources */ = {isa = PBXBuildFile; fileRef = 34DE2AA61B400F3E000C2442 /* UIView+MJExtension.m */; };
		34E977AC1B3E2A82003CDCB9 /* MKAnnotationView+WebCache.m in Sources */ = {isa = PBXBuildFile; fileRef = 34E9778C1B3E2A82003CDCB9 /* MKAnnotationView+WebCache.m */; };
		34E977AD1B3E2A82003CDCB9 /* NSData+ImageContentType.m in Sources */ = {isa = PBXBuildFile; fileRef = 34E9778E1B3E2A82003CDCB9 /* NSData+ImageContentType.m */; };
		34E977AE1B3E2A82003CDCB9 /* SDImageCache.m in Sources */ = {isa = PBXBuildFile; fileRef = 34E977901B3E2A82003CDCB9 /* SDImageCache.m */; settings = {COMPILER_FLAGS = "-fobjc-arc"; }; };
		34E977AF1B3E2A82003CDCB9 /* SDWebImageCompat.m in Sources */ = {isa = PBXBuildFile; fileRef = 34E977921B3E2A82003CDCB9 /* SDWebImageCompat.m */; settings = {COMPILER_FLAGS = "-fobjc-arc"; }; };
		34E977B01B3E2A82003CDCB9 /* SDWebImageDecoder.m in Sources */ = {isa = PBXBuildFile; fileRef = 34E977941B3E2A82003CDCB9 /* SDWebImageDecoder.m */; };
		34E977B11B3E2A82003CDCB9 /* SDWebImageDownloader.m in Sources */ = {isa = PBXBuildFile; fileRef = 34E977961B3E2A82003CDCB9 /* SDWebImageDownloader.m */; settings = {COMPILER_FLAGS = "-fobjc-arc"; }; };
		34E977B21B3E2A82003CDCB9 /* SDWebImageDownloaderOperation.m in Sources */ = {isa = PBXBuildFile; fileRef = 34E977981B3E2A82003CDCB9 /* SDWebImageDownloaderOperation.m */; settings = {COMPILER_FLAGS = "-fobjc-arc"; }; };
		34E977B31B3E2A82003CDCB9 /* SDWebImageManager.m in Sources */ = {isa = PBXBuildFile; fileRef = 34E9779A1B3E2A82003CDCB9 /* SDWebImageManager.m */; settings = {COMPILER_FLAGS = "-fobjc-arc"; }; };
		34E977B41B3E2A82003CDCB9 /* SDWebImagePrefetcher.m in Sources */ = {isa = PBXBuildFile; fileRef = 34E9779D1B3E2A82003CDCB9 /* SDWebImagePrefetcher.m */; settings = {COMPILER_FLAGS = "-fobjc-arc"; }; };
		34E977B51B3E2A82003CDCB9 /* UIButton+WebCache.m in Sources */ = {isa = PBXBuildFile; fileRef = 34E9779F1B3E2A82003CDCB9 /* UIButton+WebCache.m */; };
		34E977B61B3E2A82003CDCB9 /* UIImage+GIF.m in Sources */ = {isa = PBXBuildFile; fileRef = 34E977A11B3E2A82003CDCB9 /* UIImage+GIF.m */; };
		34E977B71B3E2A82003CDCB9 /* UIImage+MultiFormat.m in Sources */ = {isa = PBXBuildFile; fileRef = 34E977A31B3E2A82003CDCB9 /* UIImage+MultiFormat.m */; };
		34E977B81B3E2A82003CDCB9 /* UIImage+WebP.m in Sources */ = {isa = PBXBuildFile; fileRef = 34E977A51B3E2A82003CDCB9 /* UIImage+WebP.m */; };
		34E977B91B3E2A82003CDCB9 /* UIImageView+HighlightedWebCache.m in Sources */ = {isa = PBXBuildFile; fileRef = 34E977A71B3E2A82003CDCB9 /* UIImageView+HighlightedWebCache.m */; };
		34E977BA1B3E2A82003CDCB9 /* UIImageView+WebCache.m in Sources */ = {isa = PBXBuildFile; fileRef = 34E977A91B3E2A82003CDCB9 /* UIImageView+WebCache.m */; };
		34E977BB1B3E2A82003CDCB9 /* UIView+WebCacheOperation.m in Sources */ = {isa = PBXBuildFile; fileRef = 34E977AB1B3E2A82003CDCB9 /* UIView+WebCacheOperation.m */; };
		34E977CE1B3E3BC4003CDCB9 /* Third1ViewController.m in Sources */ = {isa = PBXBuildFile; fileRef = 34E977CD1B3E3BC4003CDCB9 /* Third1ViewController.m */; };
		34E977D11B3E8AE5003CDCB9 /* ZaoWuZhu1ViewController.m in Sources */ = {isa = PBXBuildFile; fileRef = 34E977D01B3E8AE5003CDCB9 /* ZaoWuZhu1ViewController.m */; };
		34EF42731B40DE920049BC01 /* MJChiBaoZiFooter.m in Sources */ = {isa = PBXBuildFile; fileRef = 34EF42521B40DE920049BC01 /* MJChiBaoZiFooter.m */; };
		34EF42741B40DE920049BC01 /* MJChiBaoZiFooter2.m in Sources */ = {isa = PBXBuildFile; fileRef = 34EF42541B40DE920049BC01 /* MJChiBaoZiFooter2.m */; };
		34EF42751B40DE920049BC01 /* MJChiBaoZiHeader.m in Sources */ = {isa = PBXBuildFile; fileRef = 34EF42561B40DE920049BC01 /* MJChiBaoZiHeader.m */; };
		34EF42761B40DE920049BC01 /* MJCollectionViewController.m in Sources */ = {isa = PBXBuildFile; fileRef = 34EF42581B40DE920049BC01 /* MJCollectionViewController.m */; };
		34EF42771B40DE920049BC01 /* MJDIYAutoFooter.m in Sources */ = {isa = PBXBuildFile; fileRef = 34EF425A1B40DE920049BC01 /* MJDIYAutoFooter.m */; settings = {COMPILER_FLAGS = "-fobjc-arc"; }; };
		34EF42781B40DE920049BC01 /* MJDIYBackFooter.m in Sources */ = {isa = PBXBuildFile; fileRef = 34EF425C1B40DE920049BC01 /* MJDIYBackFooter.m */; settings = {COMPILER_FLAGS = "-fobjc-arc"; }; };
		34EF42791B40DE920049BC01 /* MJDIYHeader.m in Sources */ = {isa = PBXBuildFile; fileRef = 34EF425E1B40DE920049BC01 /* MJDIYHeader.m */; settings = {COMPILER_FLAGS = "-fobjc-arc"; }; };
		34EF427A1B40DE920049BC01 /* MJExample.m in Sources */ = {isa = PBXBuildFile; fileRef = 34EF42601B40DE920049BC01 /* MJExample.m */; };
		34EF427B1B40DE920049BC01 /* MJExampleViewController.m in Sources */ = {isa = PBXBuildFile; fileRef = 34EF42621B40DE920049BC01 /* MJExampleViewController.m */; };
		34EF427C1B40DE920049BC01 /* MJNavigationController.m in Sources */ = {isa = PBXBuildFile; fileRef = 34EF42641B40DE920049BC01 /* MJNavigationController.m */; };
		34EF427D1B40DE920049BC01 /* MJSingleViewController.m in Sources */ = {isa = PBXBuildFile; fileRef = 34EF42661B40DE920049BC01 /* MJSingleViewController.m */; };
		34EF427E1B40DE920049BC01 /* MJTableViewCell.xib in Resources */ = {isa = PBXBuildFile; fileRef = 34EF42671B40DE920049BC01 /* MJTableViewCell.xib */; };
		34EF427F1B40DE920049BC01 /* MJTableViewController.m in Sources */ = {isa = PBXBuildFile; fileRef = 34EF42691B40DE920049BC01 /* MJTableViewController.m */; };
		34EF42801B40DE920049BC01 /* MJTestViewController.m in Sources */ = {isa = PBXBuildFile; fileRef = 34EF426B1B40DE920049BC01 /* MJTestViewController.m */; };
		34EF42811B40DE920049BC01 /* MJTestViewController.xib in Resources */ = {isa = PBXBuildFile; fileRef = 34EF426C1B40DE920049BC01 /* MJTestViewController.xib */; };
		34EF42821B40DE920049BC01 /* MJWebViewViewController.m in Sources */ = {isa = PBXBuildFile; fileRef = 34EF426E1B40DE920049BC01 /* MJWebViewViewController.m */; settings = {COMPILER_FLAGS = "-fobjc-arc"; }; };
		34EF42831B40DE920049BC01 /* MJWebViewViewController.xib in Resources */ = {isa = PBXBuildFile; fileRef = 34EF426F1B40DE920049BC01 /* MJWebViewViewController.xib */; };
		34EF42841B40DE920049BC01 /* UIViewController+Example.m in Sources */ = {isa = PBXBuildFile; fileRef = 34EF42711B40DE920049BC01 /* UIViewController+Example.m */; };
		34EF428D1B411CD70049BC01 /* ViceChinaDataModel.m in Sources */ = {isa = PBXBuildFile; fileRef = 34EF428C1B411CD70049BC01 /* ViceChinaDataModel.m */; };
		34EF42901B412D1A0049BC01 /* ViceChinaModelCell.m in Sources */ = {isa = PBXBuildFile; fileRef = 34EF428F1B412D1A0049BC01 /* ViceChinaModelCell.m */; };
		34EF42931B4131D80049BC01 /* ZaoWuZhu2ViewController.m in Sources */ = {isa = PBXBuildFile; fileRef = 34EF42921B4131D80049BC01 /* ZaoWuZhu2ViewController.m */; };
		34EF42961B413E9C0049BC01 /* WeiJueDataModel.m in Sources */ = {isa = PBXBuildFile; fileRef = 34EF42951B413E9C0049BC01 /* WeiJueDataModel.m */; };
		34EF42991B4140E10049BC01 /* WeiJueModelCell.m in Sources */ = {isa = PBXBuildFile; fileRef = 34EF42981B4140E10049BC01 /* WeiJueModelCell.m */; };
		34F55D0A1B3D03E200034AE9 /* ZaoWuzhuViewController.m in Sources */ = {isa = PBXBuildFile; fileRef = 34F55D091B3D03E200034AE9 /* ZaoWuzhuViewController.m */; };
		34F55D0D1B3D157300034AE9 /* MBProgressHUD.m in Sources */ = {isa = PBXBuildFile; fileRef = 34F55D0C1B3D157300034AE9 /* MBProgressHUD.m */; };
		34F55D101B3D167000034AE9 /* NetWorkEngine.m in Sources */ = {isa = PBXBuildFile; fileRef = 34F55D0F1B3D167000034AE9 /* NetWorkEngine.m */; };
		34F55D131B3D248C00034AE9 /* ZaoWuZhuModelCell.m in Sources */ = {isa = PBXBuildFile; fileRef = 34F55D121B3D248C00034AE9 /* ZaoWuZhuModelCell.m */; };
		34F55D161B3D6F2500034AE9 /* ZaoWuZhuDataModel.m in Sources */ = {isa = PBXBuildFile; fileRef = 34F55D151B3D6F2500034AE9 /* ZaoWuZhuDataModel.m */; };
/* End PBXBuildFile section */

/* Begin PBXContainerItemProxy section */
		348F424C1B3AAF9900ED017D /* PBXContainerItemProxy */ = {
			isa = PBXContainerItemProxy;
			containerPortal = 348F42301B3AAF9900ED017D /* Project object */;
			proxyType = 1;
			remoteGlobalIDString = 348F42371B3AAF9900ED017D;
			remoteInfo = First;
		};
/* End PBXContainerItemProxy section */

/* Begin PBXFileReference section */
		342643E81B3BE6C900023D77 /* DataModel.h */ = {isa = PBXFileReference; fileEncoding = 4; lastKnownFileType = sourcecode.c.h; path = DataModel.h; sourceTree = "<group>"; };
		342643E91B3BE6C900023D77 /* DataModel.m */ = {isa = PBXFileReference; fileEncoding = 4; lastKnownFileType = sourcecode.c.objc; path = DataModel.m; sourceTree = "<group>"; };
		348F42381B3AAF9900ED017D /* First.app */ = {isa = PBXFileReference; explicitFileType = wrapper.application; includeInIndex = 0; path = First.app; sourceTree = BUILT_PRODUCTS_DIR; };
		348F423C1B3AAF9900ED017D /* Info.plist */ = {isa = PBXFileReference; lastKnownFileType = text.plist.xml; path = Info.plist; sourceTree = "<group>"; };
		348F423D1B3AAF9900ED017D /* main.m */ = {isa = PBXFileReference; lastKnownFileType = sourcecode.c.objc; path = main.m; sourceTree = "<group>"; };
		348F423F1B3AAF9900ED017D /* AppDelegate.h */ = {isa = PBXFileReference; lastKnownFileType = sourcecode.c.h; path = AppDelegate.h; sourceTree = "<group>"; };
		348F42401B3AAF9900ED017D /* AppDelegate.m */ = {isa = PBXFileReference; lastKnownFileType = sourcecode.c.objc; path = AppDelegate.m; sourceTree = "<group>"; };
		348F42421B3AAF9900ED017D /* Images.xcassets */ = {isa = PBXFileReference; lastKnownFileType = folder.assetcatalog; path = Images.xcassets; sourceTree = "<group>"; };
		348F42451B3AAF9900ED017D /* Base */ = {isa = PBXFileReference; lastKnownFileType = file.xib; name = Base; path = Base.lproj/LaunchScreen.xib; sourceTree = "<group>"; };
		348F424B1B3AAF9900ED017D /* FirstTests.xctest */ = {isa = PBXFileReference; explicitFileType = wrapper.cfbundle; includeInIndex = 0; path = FirstTests.xctest; sourceTree = BUILT_PRODUCTS_DIR; };
		348F42501B3AAF9900ED017D /* Info.plist */ = {isa = PBXFileReference; lastKnownFileType = text.plist.xml; path = Info.plist; sourceTree = "<group>"; };
		348F42511B3AAF9900ED017D /* FirstTests.m */ = {isa = PBXFileReference; lastKnownFileType = sourcecode.c.objc; path = FirstTests.m; sourceTree = "<group>"; };
		348F42691B3AEF2B00ED017D /* ThirdModelCell.h */ = {isa = PBXFileReference; fileEncoding = 4; lastKnownFileType = sourcecode.c.h; path = ThirdModelCell.h; sourceTree = "<group>"; };
		348F426A1B3AEF2B00ED017D /* ThirdModelCell.m */ = {isa = PBXFileReference; fileEncoding = 4; lastKnownFileType = sourcecode.c.objc; path = ThirdModelCell.m; sourceTree = "<group>"; };
		34ADDC161B3B9A9000355C54 /* ThirdViewController.h */ = {isa = PBXFileReference; fileEncoding = 4; lastKnownFileType = sourcecode.c.h; path = ThirdViewController.h; sourceTree = "<group>"; };
		34ADDC171B3B9A9000355C54 /* ThirdViewController.m */ = {isa = PBXFileReference; fileEncoding = 4; lastKnownFileType = sourcecode.c.objc; path = ThirdViewController.m; sourceTree = "<group>"; };
		34ADDC1C1B3BABA500355C54 /* ThirdPageModelCell.h */ = {isa = PBXFileReference; fileEncoding = 4; lastKnownFileType = sourcecode.c.h; path = ThirdPageModelCell.h; sourceTree = "<group>"; };
		34ADDC1D1B3BABA500355C54 /* ThirdPageModelCell.m */ = {isa = PBXFileReference; fileEncoding = 4; lastKnownFileType = sourcecode.c.objc; path = ThirdPageModelCell.m; sourceTree = "<group>"; };
		34ADDC1F1B3BAF0400355C54 /* PrefixHeader.pch */ = {isa = PBXFileReference; lastKnownFileType = sourcecode.c.h; path = PrefixHeader.pch; sourceTree = "<group>"; };
		34DE2A7C1B400F3E000C2442 /* MJRefreshAutoFooter.h */ = {isa = PBXFileReference; fileEncoding = 4; lastKnownFileType = sourcecode.c.h; path = MJRefreshAutoFooter.h; sourceTree = "<group>"; };
		34DE2A7D1B400F3E000C2442 /* MJRefreshAutoFooter.m */ = {isa = PBXFileReference; fileEncoding = 4; lastKnownFileType = sourcecode.c.objc; path = MJRefreshAutoFooter.m; sourceTree = "<group>"; };
		34DE2A7E1B400F3E000C2442 /* MJRefreshBackFooter.h */ = {isa = PBXFileReference; fileEncoding = 4; lastKnownFileType = sourcecode.c.h; path = MJRefreshBackFooter.h; sourceTree = "<group>"; };
		34DE2A7F1B400F3E000C2442 /* MJRefreshBackFooter.m */ = {isa = PBXFileReference; fileEncoding = 4; lastKnownFileType = sourcecode.c.objc; path = MJRefreshBackFooter.m; sourceTree = "<group>"; };
		34DE2A801B400F3E000C2442 /* MJRefreshComponent.h */ = {isa = PBXFileReference; fileEncoding = 4; lastKnownFileType = sourcecode.c.h; path = MJRefreshComponent.h; sourceTree = "<group>"; };
		34DE2A811B400F3E000C2442 /* MJRefreshComponent.m */ = {isa = PBXFileReference; fileEncoding = 4; lastKnownFileType = sourcecode.c.objc; path = MJRefreshComponent.m; sourceTree = "<group>"; };
		34DE2A821B400F3E000C2442 /* MJRefreshFooter.h */ = {isa = PBXFileReference; fileEncoding = 4; lastKnownFileType = sourcecode.c.h; path = MJRefreshFooter.h; sourceTree = "<group>"; };
		34DE2A831B400F3E000C2442 /* MJRefreshFooter.m */ = {isa = PBXFileReference; fileEncoding = 4; lastKnownFileType = sourcecode.c.objc; path = MJRefreshFooter.m; sourceTree = "<group>"; };
		34DE2A841B400F3E000C2442 /* MJRefreshHeader.h */ = {isa = PBXFileReference; fileEncoding = 4; lastKnownFileType = sourcecode.c.h; path = MJRefreshHeader.h; sourceTree = "<group>"; };
		34DE2A851B400F3E000C2442 /* MJRefreshHeader.m */ = {isa = PBXFileReference; fileEncoding = 4; lastKnownFileType = sourcecode.c.objc; path = MJRefreshHeader.m; sourceTree = "<group>"; };
		34DE2A891B400F3E000C2442 /* MJRefreshAutoGifFooter.h */ = {isa = PBXFileReference; fileEncoding = 4; lastKnownFileType = sourcecode.c.h; path = MJRefreshAutoGifFooter.h; sourceTree = "<group>"; };
		34DE2A8A1B400F3E000C2442 /* MJRefreshAutoGifFooter.m */ = {isa = PBXFileReference; fileEncoding = 4; lastKnownFileType = sourcecode.c.objc; path = MJRefreshAutoGifFooter.m; sourceTree = "<group>"; };
		34DE2A8B1B400F3E000C2442 /* MJRefreshAutoNormalFooter.h */ = {isa = PBXFileReference; fileEncoding = 4; lastKnownFileType = sourcecode.c.h; path = MJRefreshAutoNormalFooter.h; sourceTree = "<group>"; };
		34DE2A8C1B400F3E000C2442 /* MJRefreshAutoNormalFooter.m */ = {isa = PBXFileReference; fileEncoding = 4; lastKnownFileType = sourcecode.c.objc; path = MJRefreshAutoNormalFooter.m; sourceTree = "<group>"; };
		34DE2A8D1B400F3E000C2442 /* MJRefreshAutoStateFooter.h */ = {isa = PBXFileReference; fileEncoding = 4; lastKnownFileType = sourcecode.c.h; path = MJRefreshAutoStateFooter.h; sourceTree = "<group>"; };
		34DE2A8E1B400F3E000C2442 /* MJRefreshAutoStateFooter.m */ = {isa = PBXFileReference; fileEncoding = 4; lastKnownFileType = sourcecode.c.objc; path = MJRefreshAutoStateFooter.m; sourceTree = "<group>"; };
		34DE2A901B400F3E000C2442 /* MJRefreshBackGifFooter.h */ = {isa = PBXFileReference; fileEncoding = 4; lastKnownFileType = sourcecode.c.h; path = MJRefreshBackGifFooter.h; sourceTree = "<group>"; };
		34DE2A911B400F3E000C2442 /* MJRefreshBackGifFooter.m */ = {isa = PBXFileReference; fileEncoding = 4; lastKnownFileType = sourcecode.c.objc; path = MJRefreshBackGifFooter.m; sourceTree = "<group>"; };
		34DE2A921B400F3E000C2442 /* MJRefreshBackNormalFooter.h */ = {isa = PBXFileReference; fileEncoding = 4; lastKnownFileType = sourcecode.c.h; path = MJRefreshBackNormalFooter.h; sourceTree = "<group>"; };
		34DE2A931B400F3E000C2442 /* MJRefreshBackNormalFooter.m */ = {isa = PBXFileReference; fileEncoding = 4; lastKnownFileType = sourcecode.c.objc; path = MJRefreshBackNormalFooter.m; sourceTree = "<group>"; };
		34DE2A941B400F3E000C2442 /* MJRefreshBackStateFooter.h */ = {isa = PBXFileReference; fileEncoding = 4; lastKnownFileType = sourcecode.c.h; path = MJRefreshBackStateFooter.h; sourceTree = "<group>"; };
		34DE2A951B400F3E000C2442 /* MJRefreshBackStateFooter.m */ = {isa = PBXFileReference; fileEncoding = 4; lastKnownFileType = sourcecode.c.objc; path = MJRefreshBackStateFooter.m; sourceTree = "<group>"; };
		34DE2A971B400F3E000C2442 /* MJRefreshGifHeader.h */ = {isa = PBXFileReference; fileEncoding = 4; lastKnownFileType = sourcecode.c.h; path = MJRefreshGifHeader.h; sourceTree = "<group>"; };
		34DE2A981B400F3E000C2442 /* MJRefreshGifHeader.m */ = {isa = PBXFileReference; fileEncoding = 4; lastKnownFileType = sourcecode.c.objc; path = MJRefreshGifHeader.m; sourceTree = "<group>"; };
		34DE2A991B400F3E000C2442 /* MJRefreshNormalHeader.h */ = {isa = PBXFileReference; fileEncoding = 4; lastKnownFileType = sourcecode.c.h; path = MJRefreshNormalHeader.h; sourceTree = "<group>"; };
		34DE2A9A1B400F3E000C2442 /* MJRefreshNormalHeader.m */ = {isa = PBXFileReference; fileEncoding = 4; lastKnownFileType = sourcecode.c.objc; path = MJRefreshNormalHeader.m; sourceTree = "<group>"; };
		34DE2A9B1B400F3E000C2442 /* MJRefreshStateHeader.h */ = {isa = PBXFileReference; fileEncoding = 4; lastKnownFileType = sourcecode.c.h; path = MJRefreshStateHeader.h; sourceTree = "<group>"; };
		34DE2A9C1B400F3E000C2442 /* MJRefreshStateHeader.m */ = {isa = PBXFileReference; fileEncoding = 4; lastKnownFileType = sourcecode.c.objc; path = MJRefreshStateHeader.m; sourceTree = "<group>"; };
		34DE2A9D1B400F3E000C2442 /* MJRefresh.bundle */ = {isa = PBXFileReference; lastKnownFileType = "wrapper.plug-in"; path = MJRefresh.bundle; sourceTree = "<group>"; };
		34DE2A9E1B400F3E000C2442 /* MJRefresh.h */ = {isa = PBXFileReference; fileEncoding = 4; lastKnownFileType = sourcecode.c.h; path = MJRefresh.h; sourceTree = "<group>"; };
		34DE2A9F1B400F3E000C2442 /* MJRefreshConst.h */ = {isa = PBXFileReference; fileEncoding = 4; lastKnownFileType = sourcecode.c.h; path = MJRefreshConst.h; sourceTree = "<group>"; };
		34DE2AA01B400F3E000C2442 /* MJRefreshConst.m */ = {isa = PBXFileReference; fileEncoding = 4; lastKnownFileType = sourcecode.c.objc; path = MJRefreshConst.m; sourceTree = "<group>"; };
		34DE2AA11B400F3E000C2442 /* UIScrollView+MJExtension.h */ = {isa = PBXFileReference; fileEncoding = 4; lastKnownFileType = sourcecode.c.h; path = "UIScrollView+MJExtension.h"; sourceTree = "<group>"; };
		34DE2AA21B400F3E000C2442 /* UIScrollView+MJExtension.m */ = {isa = PBXFileReference; fileEncoding = 4; lastKnownFileType = sourcecode.c.objc; path = "UIScrollView+MJExtension.m"; sourceTree = "<group>"; };
		34DE2AA31B400F3E000C2442 /* UIScrollView+MJRefresh.h */ = {isa = PBXFileReference; fileEncoding = 4; lastKnownFileType = sourcecode.c.h; path = "UIScrollView+MJRefresh.h"; sourceTree = "<group>"; };
		34DE2AA41B400F3E000C2442 /* UIScrollView+MJRefresh.m */ = {isa = PBXFileReference; fileEncoding = 4; lastKnownFileType = sourcecode.c.objc; path = "UIScrollView+MJRefresh.m"; sourceTree = "<group>"; };
		34DE2AA51B400F3E000C2442 /* UIView+MJExtension.h */ = {isa = PBXFileReference; fileEncoding = 4; lastKnownFileType = sourcecode.c.h; path = "UIView+MJExtension.h"; sourceTree = "<group>"; };
		34DE2AA61B400F3E000C2442 /* UIView+MJExtension.m */ = {isa = PBXFileReference; fileEncoding = 4; lastKnownFileType = sourcecode.c.objc; path = "UIView+MJExtension.m"; sourceTree = "<group>"; };
		34E9778B1B3E2A82003CDCB9 /* MKAnnotationView+WebCache.h */ = {isa = PBXFileReference; fileEncoding = 4; lastKnownFileType = sourcecode.c.h; path = "MKAnnotationView+WebCache.h"; sourceTree = "<group>"; };
		34E9778C1B3E2A82003CDCB9 /* MKAnnotationView+WebCache.m */ = {isa = PBXFileReference; fileEncoding = 4; lastKnownFileType = sourcecode.c.objc; path = "MKAnnotationView+WebCache.m"; sourceTree = "<group>"; };
		34E9778D1B3E2A82003CDCB9 /* NSData+ImageContentType.h */ = {isa = PBXFileReference; fileEncoding = 4; lastKnownFileType = sourcecode.c.h; path = "NSData+ImageContentType.h"; sourceTree = "<group>"; };
		34E9778E1B3E2A82003CDCB9 /* NSData+ImageContentType.m */ = {isa = PBXFileReference; fileEncoding = 4; lastKnownFileType = sourcecode.c.objc; path = "NSData+ImageContentType.m"; sourceTree = "<group>"; };
		34E9778F1B3E2A82003CDCB9 /* SDImageCache.h */ = {isa = PBXFileReference; fileEncoding = 4; lastKnownFileType = sourcecode.c.h; path = SDImageCache.h; sourceTree = "<group>"; };
		34E977901B3E2A82003CDCB9 /* SDImageCache.m */ = {isa = PBXFileReference; fileEncoding = 4; lastKnownFileType = sourcecode.c.objc; path = SDImageCache.m; sourceTree = "<group>"; };
		34E977911B3E2A82003CDCB9 /* SDWebImageCompat.h */ = {isa = PBXFileReference; fileEncoding = 4; lastKnownFileType = sourcecode.c.h; path = SDWebImageCompat.h; sourceTree = "<group>"; };
		34E977921B3E2A82003CDCB9 /* SDWebImageCompat.m */ = {isa = PBXFileReference; fileEncoding = 4; lastKnownFileType = sourcecode.c.objc; path = SDWebImageCompat.m; sourceTree = "<group>"; };
		34E977931B3E2A82003CDCB9 /* SDWebImageDecoder.h */ = {isa = PBXFileReference; fileEncoding = 4; lastKnownFileType = sourcecode.c.h; path = SDWebImageDecoder.h; sourceTree = "<group>"; };
		34E977941B3E2A82003CDCB9 /* SDWebImageDecoder.m */ = {isa = PBXFileReference; fileEncoding = 4; lastKnownFileType = sourcecode.c.objc; path = SDWebImageDecoder.m; sourceTree = "<group>"; };
		34E977951B3E2A82003CDCB9 /* SDWebImageDownloader.h */ = {isa = PBXFileReference; fileEncoding = 4; lastKnownFileType = sourcecode.c.h; path = SDWebImageDownloader.h; sourceTree = "<group>"; };
		34E977961B3E2A82003CDCB9 /* SDWebImageDownloader.m */ = {isa = PBXFileReference; fileEncoding = 4; lastKnownFileType = sourcecode.c.objc; path = SDWebImageDownloader.m; sourceTree = "<group>"; };
		34E977971B3E2A82003CDCB9 /* SDWebImageDownloaderOperation.h */ = {isa = PBXFileReference; fileEncoding = 4; lastKnownFileType = sourcecode.c.h; path = SDWebImageDownloaderOperation.h; sourceTree = "<group>"; };
		34E977981B3E2A82003CDCB9 /* SDWebImageDownloaderOperation.m */ = {isa = PBXFileReference; fileEncoding = 4; lastKnownFileType = sourcecode.c.objc; path = SDWebImageDownloaderOperation.m; sourceTree = "<group>"; };
		34E977991B3E2A82003CDCB9 /* SDWebImageManager.h */ = {isa = PBXFileReference; fileEncoding = 4; lastKnownFileType = sourcecode.c.h; path = SDWebImageManager.h; sourceTree = "<group>"; };
		34E9779A1B3E2A82003CDCB9 /* SDWebImageManager.m */ = {isa = PBXFileReference; fileEncoding = 4; lastKnownFileType = sourcecode.c.objc; path = SDWebImageManager.m; sourceTree = "<group>"; };
		34E9779B1B3E2A82003CDCB9 /* SDWebImageOperation.h */ = {isa = PBXFileReference; fileEncoding = 4; lastKnownFileType = sourcecode.c.h; path = SDWebImageOperation.h; sourceTree = "<group>"; };
		34E9779C1B3E2A82003CDCB9 /* SDWebImagePrefetcher.h */ = {isa = PBXFileReference; fileEncoding = 4; lastKnownFileType = sourcecode.c.h; path = SDWebImagePrefetcher.h; sourceTree = "<group>"; };
		34E9779D1B3E2A82003CDCB9 /* SDWebImagePrefetcher.m */ = {isa = PBXFileReference; fileEncoding = 4; lastKnownFileType = sourcecode.c.objc; path = SDWebImagePrefetcher.m; sourceTree = "<group>"; };
		34E9779E1B3E2A82003CDCB9 /* UIButton+WebCache.h */ = {isa = PBXFileReference; fileEncoding = 4; lastKnownFileType = sourcecode.c.h; path = "UIButton+WebCache.h"; sourceTree = "<group>"; };
		34E9779F1B3E2A82003CDCB9 /* UIButton+WebCache.m */ = {isa = PBXFileReference; fileEncoding = 4; lastKnownFileType = sourcecode.c.objc; path = "UIButton+WebCache.m"; sourceTree = "<group>"; };
		34E977A01B3E2A82003CDCB9 /* UIImage+GIF.h */ = {isa = PBXFileReference; fileEncoding = 4; lastKnownFileType = sourcecode.c.h; path = "UIImage+GIF.h"; sourceTree = "<group>"; };
		34E977A11B3E2A82003CDCB9 /* UIImage+GIF.m */ = {isa = PBXFileReference; fileEncoding = 4; lastKnownFileType = sourcecode.c.objc; path = "UIImage+GIF.m"; sourceTree = "<group>"; };
		34E977A21B3E2A82003CDCB9 /* UIImage+MultiFormat.h */ = {isa = PBXFileReference; fileEncoding = 4; lastKnownFileType = sourcecode.c.h; path = "UIImage+MultiFormat.h"; sourceTree = "<group>"; };
		34E977A31B3E2A82003CDCB9 /* UIImage+MultiFormat.m */ = {isa = PBXFileReference; fileEncoding = 4; lastKnownFileType = sourcecode.c.objc; path = "UIImage+MultiFormat.m"; sourceTree = "<group>"; };
		34E977A41B3E2A82003CDCB9 /* UIImage+WebP.h */ = {isa = PBXFileReference; fileEncoding = 4; lastKnownFileType = sourcecode.c.h; path = "UIImage+WebP.h"; sourceTree = "<group>"; };
		34E977A51B3E2A82003CDCB9 /* UIImage+WebP.m */ = {isa = PBXFileReference; fileEncoding = 4; lastKnownFileType = sourcecode.c.objc; path = "UIImage+WebP.m"; sourceTree = "<group>"; };
		34E977A61B3E2A82003CDCB9 /* UIImageView+HighlightedWebCache.h */ = {isa = PBXFileReference; fileEncoding = 4; lastKnownFileType = sourcecode.c.h; path = "UIImageView+HighlightedWebCache.h"; sourceTree = "<group>"; };
		34E977A71B3E2A82003CDCB9 /* UIImageView+HighlightedWebCache.m */ = {isa = PBXFileReference; fileEncoding = 4; lastKnownFileType = sourcecode.c.objc; path = "UIImageView+HighlightedWebCache.m"; sourceTree = "<group>"; };
		34E977A81B3E2A82003CDCB9 /* UIImageView+WebCache.h */ = {isa = PBXFileReference; fileEncoding = 4; lastKnownFileType = sourcecode.c.h; path = "UIImageView+WebCache.h"; sourceTree = "<group>"; };
		34E977A91B3E2A82003CDCB9 /* UIImageView+WebCache.m */ = {isa = PBXFileReference; fileEncoding = 4; lastKnownFileType = sourcecode.c.objc; path = "UIImageView+WebCache.m"; sourceTree = "<group>"; };
		34E977AA1B3E2A82003CDCB9 /* UIView+WebCacheOperation.h */ = {isa = PBXFileReference; fileEncoding = 4; lastKnownFileType = sourcecode.c.h; path = "UIView+WebCacheOperation.h"; sourceTree = "<group>"; };
		34E977AB1B3E2A82003CDCB9 /* UIView+WebCacheOperation.m */ = {isa = PBXFileReference; fileEncoding = 4; lastKnownFileType = sourcecode.c.objc; path = "UIView+WebCacheOperation.m"; sourceTree = "<group>"; };
		34E977CC1B3E3BC4003CDCB9 /* Third1ViewController.h */ = {isa = PBXFileReference; fileEncoding = 4; lastKnownFileType = sourcecode.c.h; path = Third1ViewController.h; sourceTree = "<group>"; };
		34E977CD1B3E3BC4003CDCB9 /* Third1ViewController.m */ = {isa = PBXFileReference; fileEncoding = 4; lastKnownFileType = sourcecode.c.objc; path = Third1ViewController.m; sourceTree = "<group>"; };
		34E977CF1B3E8AE5003CDCB9 /* ZaoWuZhu1ViewController.h */ = {isa = PBXFileReference; fileEncoding = 4; lastKnownFileType = sourcecode.c.h; path = ZaoWuZhu1ViewController.h; sourceTree = "<group>"; };
		34E977D01B3E8AE5003CDCB9 /* ZaoWuZhu1ViewController.m */ = {isa = PBXFileReference; fileEncoding = 4; lastKnownFileType = sourcecode.c.objc; path = ZaoWuZhu1ViewController.m; sourceTree = "<group>"; };
		34EF42511B40DE920049BC01 /* MJChiBaoZiFooter.h */ = {isa = PBXFileReference; fileEncoding = 4; lastKnownFileType = sourcecode.c.h; path = MJChiBaoZiFooter.h; sourceTree = "<group>"; };
		34EF42521B40DE920049BC01 /* MJChiBaoZiFooter.m */ = {isa = PBXFileReference; fileEncoding = 4; lastKnownFileType = sourcecode.c.objc; path = MJChiBaoZiFooter.m; sourceTree = "<group>"; };
		34EF42531B40DE920049BC01 /* MJChiBaoZiFooter2.h */ = {isa = PBXFileReference; fileEncoding = 4; lastKnownFileType = sourcecode.c.h; path = MJChiBaoZiFooter2.h; sourceTree = "<group>"; };
		34EF42541B40DE920049BC01 /* MJChiBaoZiFooter2.m */ = {isa = PBXFileReference; fileEncoding = 4; lastKnownFileType = sourcecode.c.objc; path = MJChiBaoZiFooter2.m; sourceTree = "<group>"; };
		34EF42551B40DE920049BC01 /* MJChiBaoZiHeader.h */ = {isa = PBXFileReference; fileEncoding = 4; lastKnownFileType = sourcecode.c.h; path = MJChiBaoZiHeader.h; sourceTree = "<group>"; };
		34EF42561B40DE920049BC01 /* MJChiBaoZiHeader.m */ = {isa = PBXFileReference; fileEncoding = 4; lastKnownFileType = sourcecode.c.objc; path = MJChiBaoZiHeader.m; sourceTree = "<group>"; };
		34EF42571B40DE920049BC01 /* MJCollectionViewController.h */ = {isa = PBXFileReference; fileEncoding = 4; lastKnownFileType = sourcecode.c.h; path = MJCollectionViewController.h; sourceTree = "<group>"; };
		34EF42581B40DE920049BC01 /* MJCollectionViewController.m */ = {isa = PBXFileReference; fileEncoding = 4; lastKnownFileType = sourcecode.c.objc; path = MJCollectionViewController.m; sourceTree = "<group>"; };
		34EF42591B40DE920049BC01 /* MJDIYAutoFooter.h */ = {isa = PBXFileReference; fileEncoding = 4; lastKnownFileType = sourcecode.c.h; path = MJDIYAutoFooter.h; sourceTree = "<group>"; };
		34EF425A1B40DE920049BC01 /* MJDIYAutoFooter.m */ = {isa = PBXFileReference; fileEncoding = 4; lastKnownFileType = sourcecode.c.objc; path = MJDIYAutoFooter.m; sourceTree = "<group>"; };
		34EF425B1B40DE920049BC01 /* MJDIYBackFooter.h */ = {isa = PBXFileReference; fileEncoding = 4; lastKnownFileType = sourcecode.c.h; path = MJDIYBackFooter.h; sourceTree = "<group>"; };
		34EF425C1B40DE920049BC01 /* MJDIYBackFooter.m */ = {isa = PBXFileReference; fileEncoding = 4; lastKnownFileType = sourcecode.c.objc; path = MJDIYBackFooter.m; sourceTree = "<group>"; };
		34EF425D1B40DE920049BC01 /* MJDIYHeader.h */ = {isa = PBXFileReference; fileEncoding = 4; lastKnownFileType = sourcecode.c.h; path = MJDIYHeader.h; sourceTree = "<group>"; };
		34EF425E1B40DE920049BC01 /* MJDIYHeader.m */ = {isa = PBXFileReference; fileEncoding = 4; lastKnownFileType = sourcecode.c.objc; path = MJDIYHeader.m; sourceTree = "<group>"; };
		34EF425F1B40DE920049BC01 /* MJExample.h */ = {isa = PBXFileReference; fileEncoding = 4; lastKnownFileType = sourcecode.c.h; path = MJExample.h; sourceTree = "<group>"; };
		34EF42601B40DE920049BC01 /* MJExample.m */ = {isa = PBXFileReference; fileEncoding = 4; lastKnownFileType = sourcecode.c.objc; path = MJExample.m; sourceTree = "<group>"; };
		34EF42611B40DE920049BC01 /* MJExampleViewController.h */ = {isa = PBXFileReference; fileEncoding = 4; lastKnownFileType = sourcecode.c.h; path = MJExampleViewController.h; sourceTree = "<group>"; };
		34EF42621B40DE920049BC01 /* MJExampleViewController.m */ = {isa = PBXFileReference; fileEncoding = 4; lastKnownFileType = sourcecode.c.objc; path = MJExampleViewController.m; sourceTree = "<group>"; };
		34EF42631B40DE920049BC01 /* MJNavigationController.h */ = {isa = PBXFileReference; fileEncoding = 4; lastKnownFileType = sourcecode.c.h; path = MJNavigationController.h; sourceTree = "<group>"; };
		34EF42641B40DE920049BC01 /* MJNavigationController.m */ = {isa = PBXFileReference; fileEncoding = 4; lastKnownFileType = sourcecode.c.objc; path = MJNavigationController.m; sourceTree = "<group>"; };
		34EF42651B40DE920049BC01 /* MJSingleViewController.h */ = {isa = PBXFileReference; fileEncoding = 4; lastKnownFileType = sourcecode.c.h; path = MJSingleViewController.h; sourceTree = "<group>"; };
		34EF42661B40DE920049BC01 /* MJSingleViewController.m */ = {isa = PBXFileReference; fileEncoding = 4; lastKnownFileType = sourcecode.c.objc; path = MJSingleViewController.m; sourceTree = "<group>"; };
		34EF42671B40DE920049BC01 /* MJTableViewCell.xib */ = {isa = PBXFileReference; fileEncoding = 4; lastKnownFileType = file.xib; path = MJTableViewCell.xib; sourceTree = "<group>"; };
		34EF42681B40DE920049BC01 /* MJTableViewController.h */ = {isa = PBXFileReference; fileEncoding = 4; lastKnownFileType = sourcecode.c.h; path = MJTableViewController.h; sourceTree = "<group>"; };
		34EF42691B40DE920049BC01 /* MJTableViewController.m */ = {isa = PBXFileReference; fileEncoding = 4; lastKnownFileType = sourcecode.c.objc; path = MJTableViewController.m; sourceTree = "<group>"; };
		34EF426A1B40DE920049BC01 /* MJTestViewController.h */ = {isa = PBXFileReference; fileEncoding = 4; lastKnownFileType = sourcecode.c.h; path = MJTestViewController.h; sourceTree = "<group>"; };
		34EF426B1B40DE920049BC01 /* MJTestViewController.m */ = {isa = PBXFileReference; fileEncoding = 4; lastKnownFileType = sourcecode.c.objc; path = MJTestViewController.m; sourceTree = "<group>"; };
		34EF426C1B40DE920049BC01 /* MJTestViewController.xib */ = {isa = PBXFileReference; fileEncoding = 4; lastKnownFileType = file.xib; path = MJTestViewController.xib; sourceTree = "<group>"; };
		34EF426D1B40DE920049BC01 /* MJWebViewViewController.h */ = {isa = PBXFileReference; fileEncoding = 4; lastKnownFileType = sourcecode.c.h; path = MJWebViewViewController.h; sourceTree = "<group>"; };
		34EF426E1B40DE920049BC01 /* MJWebViewViewController.m */ = {isa = PBXFileReference; fileEncoding = 4; lastKnownFileType = sourcecode.c.objc; path = MJWebViewViewController.m; sourceTree = "<group>"; };
		34EF426F1B40DE920049BC01 /* MJWebViewViewController.xib */ = {isa = PBXFileReference; fileEncoding = 4; lastKnownFileType = file.xib; path = MJWebViewViewController.xib; sourceTree = "<group>"; };
		34EF42701B40DE920049BC01 /* UIViewController+Example.h */ = {isa = PBXFileReference; fileEncoding = 4; lastKnownFileType = sourcecode.c.h; path = "UIViewController+Example.h"; sourceTree = "<group>"; };
		34EF42711B40DE920049BC01 /* UIViewController+Example.m */ = {isa = PBXFileReference; fileEncoding = 4; lastKnownFileType = sourcecode.c.objc; path = "UIViewController+Example.m"; sourceTree = "<group>"; };
		34EF428B1B411CD70049BC01 /* ViceChinaDataModel.h */ = {isa = PBXFileReference; fileEncoding = 4; lastKnownFileType = sourcecode.c.h; path = ViceChinaDataModel.h; sourceTree = "<group>"; };
		34EF428C1B411CD70049BC01 /* ViceChinaDataModel.m */ = {isa = PBXFileReference; fileEncoding = 4; lastKnownFileType = sourcecode.c.objc; path = ViceChinaDataModel.m; sourceTree = "<group>"; };
		34EF428E1B412D1A0049BC01 /* ViceChinaModelCell.h */ = {isa = PBXFileReference; fileEncoding = 4; lastKnownFileType = sourcecode.c.h; path = ViceChinaModelCell.h; sourceTree = "<group>"; };
		34EF428F1B412D1A0049BC01 /* ViceChinaModelCell.m */ = {isa = PBXFileReference; fileEncoding = 4; lastKnownFileType = sourcecode.c.objc; path = ViceChinaModelCell.m; sourceTree = "<group>"; };
		34EF42911B4131D80049BC01 /* ZaoWuZhu2ViewController.h */ = {isa = PBXFileReference; fileEncoding = 4; lastKnownFileType = sourcecode.c.h; path = ZaoWuZhu2ViewController.h; sourceTree = "<group>"; };
		34EF42921B4131D80049BC01 /* ZaoWuZhu2ViewController.m */ = {isa = PBXFileReference; fileEncoding = 4; lastKnownFileType = sourcecode.c.objc; path = ZaoWuZhu2ViewController.m; sourceTree = "<group>"; };
		34EF42941B413E9C0049BC01 /* WeiJueDataModel.h */ = {isa = PBXFileReference; fileEncoding = 4; lastKnownFileType = sourcecode.c.h; path = WeiJueDataModel.h; sourceTree = "<group>"; };
		34EF42951B413E9C0049BC01 /* WeiJueDataModel.m */ = {isa = PBXFileReference; fileEncoding = 4; lastKnownFileType = sourcecode.c.objc; path = WeiJueDataModel.m; sourceTree = "<group>"; };
		34EF42971B4140E10049BC01 /* WeiJueModelCell.h */ = {isa = PBXFileReference; fileEncoding = 4; lastKnownFileType = sourcecode.c.h; path = WeiJueModelCell.h; sourceTree = "<group>"; };
		34EF42981B4140E10049BC01 /* WeiJueModelCell.m */ = {isa = PBXFileReference; fileEncoding = 4; lastKnownFileType = sourcecode.c.objc; path = WeiJueModelCell.m; sourceTree = "<group>"; };
		34F55D081B3D03E200034AE9 /* ZaoWuzhuViewController.h */ = {isa = PBXFileReference; fileEncoding = 4; lastKnownFileType = sourcecode.c.h; path = ZaoWuzhuViewController.h; sourceTree = "<group>"; };
		34F55D091B3D03E200034AE9 /* ZaoWuzhuViewController.m */ = {isa = PBXFileReference; fileEncoding = 4; lastKnownFileType = sourcecode.c.objc; path = ZaoWuzhuViewController.m; sourceTree = "<group>"; };
		34F55D0B1B3D157300034AE9 /* MBProgressHUD.h */ = {isa = PBXFileReference; fileEncoding = 4; lastKnownFileType = sourcecode.c.h; path = MBProgressHUD.h; sourceTree = "<group>"; };
		34F55D0C1B3D157300034AE9 /* MBProgressHUD.m */ = {isa = PBXFileReference; fileEncoding = 4; lastKnownFileType = sourcecode.c.objc; path = MBProgressHUD.m; sourceTree = "<group>"; };
		34F55D0E1B3D167000034AE9 /* NetWorkEngine.h */ = {isa = PBXFileReference; fileEncoding = 4; lastKnownFileType = sourcecode.c.h; path = NetWorkEngine.h; sourceTree = "<group>"; };
		34F55D0F1B3D167000034AE9 /* NetWorkEngine.m */ = {isa = PBXFileReference; fileEncoding = 4; lastKnownFileType = sourcecode.c.objc; path = NetWorkEngine.m; sourceTree = "<group>"; };
		34F55D111B3D248C00034AE9 /* ZaoWuZhuModelCell.h */ = {isa = PBXFileReference; fileEncoding = 4; lastKnownFileType = sourcecode.c.h; path = ZaoWuZhuModelCell.h; sourceTree = "<group>"; };
		34F55D121B3D248C00034AE9 /* ZaoWuZhuModelCell.m */ = {isa = PBXFileReference; fileEncoding = 4; lastKnownFileType = sourcecode.c.objc; path = ZaoWuZhuModelCell.m; sourceTree = "<group>"; };
		34F55D141B3D6F2500034AE9 /* ZaoWuZhuDataModel.h */ = {isa = PBXFileReference; fileEncoding = 4; lastKnownFileType = sourcecode.c.h; path = ZaoWuZhuDataModel.h; sourceTree = "<group>"; };
		34F55D151B3D6F2500034AE9 /* ZaoWuZhuDataModel.m */ = {isa = PBXFileReference; fileEncoding = 4; lastKnownFileType = sourcecode.c.objc; path = ZaoWuZhuDataModel.m; sourceTree = "<group>"; };
/* End PBXFileReference section */

/* Begin PBXFrameworksBuildPhase section */
		348F42351B3AAF9900ED017D /* Frameworks */ = {
			isa = PBXFrameworksBuildPhase;
			buildActionMask = 2147483647;
			files = (
			);
			runOnlyForDeploymentPostprocessing = 0;
		};
		348F42481B3AAF9900ED017D /* Frameworks */ = {
			isa = PBXFrameworksBuildPhase;
			buildActionMask = 2147483647;
			files = (
			);
			runOnlyForDeploymentPostprocessing = 0;
		};
/* End PBXFrameworksBuildPhase section */

/* Begin PBXGroup section */
		342643E51B3BE65B00023D77 /* Controller */ = {
			isa = PBXGroup;
			children = (
				34ADDC161B3B9A9000355C54 /* ThirdViewController.h */,
				34ADDC171B3B9A9000355C54 /* ThirdViewController.m */,
				34F55D081B3D03E200034AE9 /* ZaoWuzhuViewController.h */,
				34F55D091B3D03E200034AE9 /* ZaoWuzhuViewController.m */,
				34E977CF1B3E8AE5003CDCB9 /* ZaoWuZhu1ViewController.h */,
				34E977D01B3E8AE5003CDCB9 /* ZaoWuZhu1ViewController.m */,
				34EF42911B4131D80049BC01 /* ZaoWuZhu2ViewController.h */,
				34EF42921B4131D80049BC01 /* ZaoWuZhu2ViewController.m */,
				34E977CC1B3E3BC4003CDCB9 /* Third1ViewController.h */,
				34E977CD1B3E3BC4003CDCB9 /* Third1ViewController.m */,
			);
			name = Controller;
			sourceTree = "<group>";
		};
		342643E61B3BE67800023D77 /* View */ = {
			isa = PBXGroup;
			children = (
			);
			name = View;
			sourceTree = "<group>";
		};
		342643E71B3BE68300023D77 /* Model */ = {
			isa = PBXGroup;
			children = (
				348F42691B3AEF2B00ED017D /* ThirdModelCell.h */,
				348F426A1B3AEF2B00ED017D /* ThirdModelCell.m */,
				342643E81B3BE6C900023D77 /* DataModel.h */,
				342643E91B3BE6C900023D77 /* DataModel.m */,
				34EF428B1B411CD70049BC01 /* ViceChinaDataModel.h */,
				34EF428C1B411CD70049BC01 /* ViceChinaDataModel.m */,
				34F55D141B3D6F2500034AE9 /* ZaoWuZhuDataModel.h */,
				34F55D151B3D6F2500034AE9 /* ZaoWuZhuDataModel.m */,
				34ADDC1C1B3BABA500355C54 /* ThirdPageModelCell.h */,
				34ADDC1D1B3BABA500355C54 /* ThirdPageModelCell.m */,
				34EF428E1B412D1A0049BC01 /* ViceChinaModelCell.h */,
				34EF428F1B412D1A0049BC01 /* ViceChinaModelCell.m */,
				34F55D111B3D248C00034AE9 /* ZaoWuZhuModelCell.h */,
				34F55D121B3D248C00034AE9 /* ZaoWuZhuModelCell.m */,
				34EF42941B413E9C0049BC01 /* WeiJueDataModel.h */,
				34EF42951B413E9C0049BC01 /* WeiJueDataModel.m */,
				34EF42971B4140E10049BC01 /* WeiJueModelCell.h */,
				34EF42981B4140E10049BC01 /* WeiJueModelCell.m */,
			);
			name = Model;
			sourceTree = "<group>";
		};
		348F422F1B3AAF9900ED017D = {
			isa = PBXGroup;
			children = (
				348F423A1B3AAF9900ED017D /* First */,
				348F424E1B3AAF9900ED017D /* FirstTests */,
				348F42391B3AAF9900ED017D /* Products */,
			);
			sourceTree = "<group>";
		};
		348F42391B3AAF9900ED017D /* Products */ = {
			isa = PBXGroup;
			children = (
				348F42381B3AAF9900ED017D /* First.app */,
				348F424B1B3AAF9900ED017D /* FirstTests.xctest */,
			);
			name = Products;
			sourceTree = "<group>";
		};
		348F423A1B3AAF9900ED017D /* First */ = {
			isa = PBXGroup;
			children = (
				34E977D21B3E9399003CDCB9 /* ThirdPart */,
				342643E71B3BE68300023D77 /* Model */,
				342643E61B3BE67800023D77 /* View */,
				342643E51B3BE65B00023D77 /* Controller */,
				348F423F1B3AAF9900ED017D /* AppDelegate.h */,
				348F42401B3AAF9900ED017D /* AppDelegate.m */,
				34ADDC1F1B3BAF0400355C54 /* PrefixHeader.pch */,
				348F42421B3AAF9900ED017D /* Images.xcassets */,
				348F42441B3AAF9900ED017D /* LaunchScreen.xib */,
				348F423B1B3AAF9900ED017D /* Supporting Files */,
			);
			path = First;
			sourceTree = "<group>";
		};
		348F423B1B3AAF9900ED017D /* Supporting Files */ = {
			isa = PBXGroup;
			children = (
				348F423C1B3AAF9900ED017D /* Info.plist */,
				348F423D1B3AAF9900ED017D /* main.m */,
			);
			name = "Supporting Files";
			sourceTree = "<group>";
		};
		348F424E1B3AAF9900ED017D /* FirstTests */ = {
			isa = PBXGroup;
			children = (
				348F42511B3AAF9900ED017D /* FirstTests.m */,
				348F424F1B3AAF9900ED017D /* Supporting Files */,
			);
			path = FirstTests;
			sourceTree = "<group>";
		};
		348F424F1B3AAF9900ED017D /* Supporting Files */ = {
			isa = PBXGroup;
			children = (
				348F42501B3AAF9900ED017D /* Info.plist */,
			);
			name = "Supporting Files";
			sourceTree = "<group>";
		};
		34DE2A7A1B400F3E000C2442 /* MJRefresh */ = {
			isa = PBXGroup;
			children = (
				34DE2A7B1B400F3E000C2442 /* Base */,
				34DE2A861B400F3E000C2442 /* Custom */,
				34DE2A9D1B400F3E000C2442 /* MJRefresh.bundle */,
				34DE2A9E1B400F3E000C2442 /* MJRefresh.h */,
				34DE2A9F1B400F3E000C2442 /* MJRefreshConst.h */,
				34DE2AA01B400F3E000C2442 /* MJRefreshConst.m */,
				34DE2AA11B400F3E000C2442 /* UIScrollView+MJExtension.h */,
				34DE2AA21B400F3E000C2442 /* UIScrollView+MJExtension.m */,
				34DE2AA31B400F3E000C2442 /* UIScrollView+MJRefresh.h */,
				34DE2AA41B400F3E000C2442 /* UIScrollView+MJRefresh.m */,
				34DE2AA51B400F3E000C2442 /* UIView+MJExtension.h */,
				34DE2AA61B400F3E000C2442 /* UIView+MJExtension.m */,
			);
			path = MJRefresh;
			sourceTree = "<group>";
		};
		34DE2A7B1B400F3E000C2442 /* Base */ = {
			isa = PBXGroup;
			children = (
				34DE2A7C1B400F3E000C2442 /* MJRefreshAutoFooter.h */,
				34DE2A7D1B400F3E000C2442 /* MJRefreshAutoFooter.m */,
				34DE2A7E1B400F3E000C2442 /* MJRefreshBackFooter.h */,
				34DE2A7F1B400F3E000C2442 /* MJRefreshBackFooter.m */,
				34DE2A801B400F3E000C2442 /* MJRefreshComponent.h */,
				34DE2A811B400F3E000C2442 /* MJRefreshComponent.m */,
				34DE2A821B400F3E000C2442 /* MJRefreshFooter.h */,
				34DE2A831B400F3E000C2442 /* MJRefreshFooter.m */,
				34DE2A841B400F3E000C2442 /* MJRefreshHeader.h */,
				34DE2A851B400F3E000C2442 /* MJRefreshHeader.m */,
			);
			path = Base;
			sourceTree = "<group>";
		};
		34DE2A861B400F3E000C2442 /* Custom */ = {
			isa = PBXGroup;
			children = (
				34DE2A871B400F3E000C2442 /* Footer */,
				34DE2A961B400F3E000C2442 /* Header */,
			);
			path = Custom;
			sourceTree = "<group>";
		};
		34DE2A871B400F3E000C2442 /* Footer */ = {
			isa = PBXGroup;
			children = (
				34DE2A881B400F3E000C2442 /* Auto */,
				34DE2A8F1B400F3E000C2442 /* Back */,
			);
			path = Footer;
			sourceTree = "<group>";
		};
		34DE2A881B400F3E000C2442 /* Auto */ = {
			isa = PBXGroup;
			children = (
				34DE2A891B400F3E000C2442 /* MJRefreshAutoGifFooter.h */,
				34DE2A8A1B400F3E000C2442 /* MJRefreshAutoGifFooter.m */,
				34DE2A8B1B400F3E000C2442 /* MJRefreshAutoNormalFooter.h */,
				34DE2A8C1B400F3E000C2442 /* MJRefreshAutoNormalFooter.m */,
				34DE2A8D1B400F3E000C2442 /* MJRefreshAutoStateFooter.h */,
				34DE2A8E1B400F3E000C2442 /* MJRefreshAutoStateFooter.m */,
			);
			path = Auto;
			sourceTree = "<group>";
		};
		34DE2A8F1B400F3E000C2442 /* Back */ = {
			isa = PBXGroup;
			children = (
				34DE2A901B400F3E000C2442 /* MJRefreshBackGifFooter.h */,
				34DE2A911B400F3E000C2442 /* MJRefreshBackGifFooter.m */,
				34DE2A921B400F3E000C2442 /* MJRefreshBackNormalFooter.h */,
				34DE2A931B400F3E000C2442 /* MJRefreshBackNormalFooter.m */,
				34DE2A941B400F3E000C2442 /* MJRefreshBackStateFooter.h */,
				34DE2A951B400F3E000C2442 /* MJRefreshBackStateFooter.m */,
			);
			path = Back;
			sourceTree = "<group>";
		};
		34DE2A961B400F3E000C2442 /* Header */ = {
			isa = PBXGroup;
			children = (
				34DE2A971B400F3E000C2442 /* MJRefreshGifHeader.h */,
				34DE2A981B400F3E000C2442 /* MJRefreshGifHeader.m */,
				34DE2A991B400F3E000C2442 /* MJRefreshNormalHeader.h */,
				34DE2A9A1B400F3E000C2442 /* MJRefreshNormalHeader.m */,
				34DE2A9B1B400F3E000C2442 /* MJRefreshStateHeader.h */,
				34DE2A9C1B400F3E000C2442 /* MJRefreshStateHeader.m */,
			);
			path = Header;
			sourceTree = "<group>";
		};
		34E9778A1B3E2A82003CDCB9 /* SDWebImage */ = {
			isa = PBXGroup;
			children = (
				34E9778B1B3E2A82003CDCB9 /* MKAnnotationView+WebCache.h */,
				34E9778C1B3E2A82003CDCB9 /* MKAnnotationView+WebCache.m */,
				34E9778D1B3E2A82003CDCB9 /* NSData+ImageContentType.h */,
				34E9778E1B3E2A82003CDCB9 /* NSData+ImageContentType.m */,
				34E9778F1B3E2A82003CDCB9 /* SDImageCache.h */,
				34E977901B3E2A82003CDCB9 /* SDImageCache.m */,
				34E977911B3E2A82003CDCB9 /* SDWebImageCompat.h */,
				34E977921B3E2A82003CDCB9 /* SDWebImageCompat.m */,
				34E977931B3E2A82003CDCB9 /* SDWebImageDecoder.h */,
				34E977941B3E2A82003CDCB9 /* SDWebImageDecoder.m */,
				34E977951B3E2A82003CDCB9 /* SDWebImageDownloader.h */,
				34E977961B3E2A82003CDCB9 /* SDWebImageDownloader.m */,
				34E977971B3E2A82003CDCB9 /* SDWebImageDownloaderOperation.h */,
				34E977981B3E2A82003CDCB9 /* SDWebImageDownloaderOperation.m */,
				34E977991B3E2A82003CDCB9 /* SDWebImageManager.h */,
				34E9779A1B3E2A82003CDCB9 /* SDWebImageManager.m */,
				34E9779B1B3E2A82003CDCB9 /* SDWebImageOperation.h */,
				34E9779C1B3E2A82003CDCB9 /* SDWebImagePrefetcher.h */,
				34E9779D1B3E2A82003CDCB9 /* SDWebImagePrefetcher.m */,
				34E9779E1B3E2A82003CDCB9 /* UIButton+WebCache.h */,
				34E9779F1B3E2A82003CDCB9 /* UIButton+WebCache.m */,
				34E977A01B3E2A82003CDCB9 /* UIImage+GIF.h */,
				34E977A11B3E2A82003CDCB9 /* UIImage+GIF.m */,
				34E977A21B3E2A82003CDCB9 /* UIImage+MultiFormat.h */,
				34E977A31B3E2A82003CDCB9 /* UIImage+MultiFormat.m */,
				34E977A41B3E2A82003CDCB9 /* UIImage+WebP.h */,
				34E977A51B3E2A82003CDCB9 /* UIImage+WebP.m */,
				34E977A61B3E2A82003CDCB9 /* UIImageView+HighlightedWebCache.h */,
				34E977A71B3E2A82003CDCB9 /* UIImageView+HighlightedWebCache.m */,
				34E977A81B3E2A82003CDCB9 /* UIImageView+WebCache.h */,
				34E977A91B3E2A82003CDCB9 /* UIImageView+WebCache.m */,
				34E977AA1B3E2A82003CDCB9 /* UIView+WebCacheOperation.h */,
				34E977AB1B3E2A82003CDCB9 /* UIView+WebCacheOperation.m */,
			);
			path = SDWebImage;
			sourceTree = "<group>";
		};
		34E977D21B3E9399003CDCB9 /* ThirdPart */ = {
			isa = PBXGroup;
			children = (
				34EF424E1B40DE920049BC01 /* Classes */,
				34DE2A7A1B400F3E000C2442 /* MJRefresh */,
				34F55D0B1B3D157300034AE9 /* MBProgressHUD.h */,
				34F55D0C1B3D157300034AE9 /* MBProgressHUD.m */,
				34F55D0E1B3D167000034AE9 /* NetWorkEngine.h */,
				34F55D0F1B3D167000034AE9 /* NetWorkEngine.m */,
				34E9778A1B3E2A82003CDCB9 /* SDWebImage */,
			);
			name = ThirdPart;
			sourceTree = "<group>";
		};
		34EF424E1B40DE920049BC01 /* Classes */ = {
			isa = PBXGroup;
			children = (
				34EF42511B40DE920049BC01 /* MJChiBaoZiFooter.h */,
				34EF42521B40DE920049BC01 /* MJChiBaoZiFooter.m */,
				34EF42531B40DE920049BC01 /* MJChiBaoZiFooter2.h */,
				34EF42541B40DE920049BC01 /* MJChiBaoZiFooter2.m */,
				34EF42551B40DE920049BC01 /* MJChiBaoZiHeader.h */,
				34EF42561B40DE920049BC01 /* MJChiBaoZiHeader.m */,
				34EF42571B40DE920049BC01 /* MJCollectionViewController.h */,
				34EF42581B40DE920049BC01 /* MJCollectionViewController.m */,
				34EF42591B40DE920049BC01 /* MJDIYAutoFooter.h */,
				34EF425A1B40DE920049BC01 /* MJDIYAutoFooter.m */,
				34EF425B1B40DE920049BC01 /* MJDIYBackFooter.h */,
				34EF425C1B40DE920049BC01 /* MJDIYBackFooter.m */,
				34EF425D1B40DE920049BC01 /* MJDIYHeader.h */,
				34EF425E1B40DE920049BC01 /* MJDIYHeader.m */,
				34EF425F1B40DE920049BC01 /* MJExample.h */,
				34EF42601B40DE920049BC01 /* MJExample.m */,
				34EF42611B40DE920049BC01 /* MJExampleViewController.h */,
				34EF42621B40DE920049BC01 /* MJExampleViewController.m */,
				34EF42631B40DE920049BC01 /* MJNavigationController.h */,
				34EF42641B40DE920049BC01 /* MJNavigationController.m */,
				34EF42651B40DE920049BC01 /* MJSingleViewController.h */,
				34EF42661B40DE920049BC01 /* MJSingleViewController.m */,
				34EF42671B40DE920049BC01 /* MJTableViewCell.xib */,
				34EF42681B40DE920049BC01 /* MJTableViewController.h */,
				34EF42691B40DE920049BC01 /* MJTableViewController.m */,
				34EF426A1B40DE920049BC01 /* MJTestViewController.h */,
				34EF426B1B40DE920049BC01 /* MJTestViewController.m */,
				34EF426C1B40DE920049BC01 /* MJTestViewController.xib */,
				34EF426D1B40DE920049BC01 /* MJWebViewViewController.h */,
				34EF426E1B40DE920049BC01 /* MJWebViewViewController.m */,
				34EF426F1B40DE920049BC01 /* MJWebViewViewController.xib */,
				34EF42701B40DE920049BC01 /* UIViewController+Example.h */,
				34EF42711B40DE920049BC01 /* UIViewController+Example.m */,
			);
			path = Classes;
			sourceTree = "<group>";
		};
/* End PBXGroup section */

/* Begin PBXNativeTarget section */
		348F42371B3AAF9900ED017D /* First */ = {
			isa = PBXNativeTarget;
			buildConfigurationList = 348F42551B3AAF9900ED017D /* Build configuration list for PBXNativeTarget "First" */;
			buildPhases = (
				348F42341B3AAF9900ED017D /* Sources */,
				348F42351B3AAF9900ED017D /* Frameworks */,
				348F42361B3AAF9900ED017D /* Resources */,
			);
			buildRules = (
			);
			dependencies = (
			);
			name = First;
			productName = First;
			productReference = 348F42381B3AAF9900ED017D /* First.app */;
			productType = "com.apple.product-type.application";
		};
		348F424A1B3AAF9900ED017D /* FirstTests */ = {
			isa = PBXNativeTarget;
			buildConfigurationList = 348F42581B3AAF9900ED017D /* Build configuration list for PBXNativeTarget "FirstTests" */;
			buildPhases = (
				348F42471B3AAF9900ED017D /* Sources */,
				348F42481B3AAF9900ED017D /* Frameworks */,
				348F42491B3AAF9900ED017D /* Resources */,
			);
			buildRules = (
			);
			dependencies = (
				348F424D1B3AAF9900ED017D /* PBXTargetDependency */,
			);
			name = FirstTests;
			productName = FirstTests;
			productReference = 348F424B1B3AAF9900ED017D /* FirstTests.xctest */;
			productType = "com.apple.product-type.bundle.unit-test";
		};
/* End PBXNativeTarget section */

/* Begin PBXProject section */
		348F42301B3AAF9900ED017D /* Project object */ = {
			isa = PBXProject;
			attributes = {
				LastUpgradeCheck = 0610;
				ORGANIZATIONNAME = "Feng Chunyang";
				TargetAttributes = {
					348F42371B3AAF9900ED017D = {
						CreatedOnToolsVersion = 6.1;
					};
					348F424A1B3AAF9900ED017D = {
						CreatedOnToolsVersion = 6.1;
						TestTargetID = 348F42371B3AAF9900ED017D;
					};
				};
			};
			buildConfigurationList = 348F42331B3AAF9900ED017D /* Build configuration list for PBXProject "First" */;
			compatibilityVersion = "Xcode 3.2";
			developmentRegion = English;
			hasScannedForEncodings = 0;
			knownRegions = (
				en,
				Base,
			);
			mainGroup = 348F422F1B3AAF9900ED017D;
			productRefGroup = 348F42391B3AAF9900ED017D /* Products */;
			projectDirPath = "";
			projectRoot = "";
			targets = (
				348F42371B3AAF9900ED017D /* First */,
				348F424A1B3AAF9900ED017D /* FirstTests */,
			);
		};
/* End PBXProject section */

/* Begin PBXResourcesBuildPhase section */
		348F42361B3AAF9900ED017D /* Resources */ = {
			isa = PBXResourcesBuildPhase;
			buildActionMask = 2147483647;
			files = (
				348F42461B3AAF9900ED017D /* LaunchScreen.xib in Resources */,
				34EF42831B40DE920049BC01 /* MJWebViewViewController.xib in Resources */,
				348F42431B3AAF9900ED017D /* Images.xcassets in Resources */,
				34EF427E1B40DE920049BC01 /* MJTableViewCell.xib in Resources */,
				34EF42811B40DE920049BC01 /* MJTestViewController.xib in Resources */,
				34DE2AB51B400F3E000C2442 /* MJRefresh.bundle in Resources */,
			);
			runOnlyForDeploymentPostprocessing = 0;
		};
		348F42491B3AAF9900ED017D /* Resources */ = {
			isa = PBXResourcesBuildPhase;
			buildActionMask = 2147483647;
			files = (
			);
			runOnlyForDeploymentPostprocessing = 0;
		};
/* End PBXResourcesBuildPhase section */

/* Begin PBXSourcesBuildPhase section */
		348F42341B3AAF9900ED017D /* Sources */ = {
			isa = PBXSourcesBuildPhase;
			buildActionMask = 2147483647;
			files = (
				34DE2AA91B400F3E000C2442 /* MJRefreshComponent.m in Sources */,
				34EF42841B40DE920049BC01 /* UIViewController+Example.m in Sources */,
				34DE2AB41B400F3E000C2442 /* MJRefreshStateHeader.m in Sources */,
				34E977B61B3E2A82003CDCB9 /* UIImage+GIF.m in Sources */,
				34EF42771B40DE920049BC01 /* MJDIYAutoFooter.m in Sources */,
				34EF42781B40DE920049BC01 /* MJDIYBackFooter.m in Sources */,
				34DE2AB31B400F3E000C2442 /* MJRefreshNormalHeader.m in Sources */,
				34DE2AB71B400F3E000C2442 /* UIScrollView+MJExtension.m in Sources */,
				34DE2AAE1B400F3E000C2442 /* MJRefreshAutoStateFooter.m in Sources */,
				34F55D101B3D167000034AE9 /* NetWorkEngine.m in Sources */,
				34EF42901B412D1A0049BC01 /* ViceChinaModelCell.m in Sources */,
				34EF42791B40DE920049BC01 /* MJDIYHeader.m in Sources */,
				34E977B41B3E2A82003CDCB9 /* SDWebImagePrefetcher.m in Sources */,
				348F42411B3AAF9900ED017D /* AppDelegate.m in Sources */,
				34EF42741B40DE920049BC01 /* MJChiBaoZiFooter2.m in Sources */,
				348F423E1B3AAF9900ED017D /* main.m in Sources */,
				34DE2AAC1B400F3E000C2442 /* MJRefreshAutoGifFooter.m in Sources */,
				34DE2AA81B400F3E000C2442 /* MJRefreshBackFooter.m in Sources */,
				34E977AD1B3E2A82003CDCB9 /* NSData+ImageContentType.m in Sources */,
				34ADDC181B3B9A9000355C54 /* ThirdViewController.m in Sources */,
				34F55D131B3D248C00034AE9 /* ZaoWuZhuModelCell.m in Sources */,
				34E977B51B3E2A82003CDCB9 /* UIButton+WebCache.m in Sources */,
				34E977B21B3E2A82003CDCB9 /* SDWebImageDownloaderOperation.m in Sources */,
				34EF428D1B411CD70049BC01 /* ViceChinaDataModel.m in Sources */,
				34EF427A1B40DE920049BC01 /* MJExample.m in Sources */,
				34DE2AAA1B400F3E000C2442 /* MJRefreshFooter.m in Sources */,
				34EF42761B40DE920049BC01 /* MJCollectionViewController.m in Sources */,
				34EF427F1B40DE920049BC01 /* MJTableViewController.m in Sources */,
				34E977AC1B3E2A82003CDCB9 /* MKAnnotationView+WebCache.m in Sources */,
				34EF427C1B40DE920049BC01 /* MJNavigationController.m in Sources */,
				34E977AF1B3E2A82003CDCB9 /* SDWebImageCompat.m in Sources */,
				342643EA1B3BE6C900023D77 /* DataModel.m in Sources */,
				34E977B71B3E2A82003CDCB9 /* UIImage+MultiFormat.m in Sources */,
				34DE2AA71B400F3E000C2442 /* MJRefreshAutoFooter.m in Sources */,
				34E977D11B3E8AE5003CDCB9 /* ZaoWuZhu1ViewController.m in Sources */,
				34EF42821B40DE920049BC01 /* MJWebViewViewController.m in Sources */,
				34DE2AB61B400F3E000C2442 /* MJRefreshConst.m in Sources */,
				34E977BA1B3E2A82003CDCB9 /* UIImageView+WebCache.m in Sources */,
				34ADDC1E1B3BABA500355C54 /* ThirdPageModelCell.m in Sources */,
				34EF42751B40DE920049BC01 /* MJChiBaoZiHeader.m in Sources */,
				34DE2AB01B400F3E000C2442 /* MJRefreshBackNormalFooter.m in Sources */,
				34DE2AB21B400F3E000C2442 /* MJRefreshGifHeader.m in Sources */,
				34EF42991B4140E10049BC01 /* WeiJueModelCell.m in Sources */,
				34DE2AB11B400F3E000C2442 /* MJRefreshBackStateFooter.m in Sources */,
				34E977BB1B3E2A82003CDCB9 /* UIView+WebCacheOperation.m in Sources */,
				34F55D161B3D6F2500034AE9 /* ZaoWuZhuDataModel.m in Sources */,
				34EF42731B40DE920049BC01 /* MJChiBaoZiFooter.m in Sources */,
				34EF427D1B40DE920049BC01 /* MJSingleViewController.m in Sources */,
				348F426B1B3AEF2B00ED017D /* ThirdModelCell.m in Sources */,
				34DE2AB91B400F3E000C2442 /* UIView+MJExtension.m in Sources */,
				34EF427B1B40DE920049BC01 /* MJExampleViewController.m in Sources */,
				34DE2AAD1B400F3E000C2442 /* MJRefreshAutoNormalFooter.m in Sources */,
				34E977B11B3E2A82003CDCB9 /* SDWebImageDownloader.m in Sources */,
				34E977B91B3E2A82003CDCB9 /* UIImageView+HighlightedWebCache.m in Sources */,
				34E977B01B3E2A82003CDCB9 /* SDWebImageDecoder.m in Sources */,
				34E977B81B3E2A82003CDCB9 /* UIImage+WebP.m in Sources */,
				34E977B31B3E2A82003CDCB9 /* SDWebImageManager.m in Sources */,
				34F55D0A1B3D03E200034AE9 /* ZaoWuzhuViewController.m in Sources */,
				34F55D0D1B3D157300034AE9 /* MBProgressHUD.m in Sources */,
				34EF42961B413E9C0049BC01 /* WeiJueDataModel.m in Sources */,
				34DE2AB81B400F3E000C2442 /* UIScrollView+MJRefresh.m in Sources */,
				34DE2AAB1B400F3E000C2442 /* MJRefreshHeader.m in Sources */,
				34EF42801B40DE920049BC01 /* MJTestViewController.m in Sources */,
				34EF42931B4131D80049BC01 /* ZaoWuZhu2ViewController.m in Sources */,
				34E977AE1B3E2A82003CDCB9 /* SDImageCache.m in Sources */,
				34DE2AAF1B400F3E000C2442 /* MJRefreshBackGifFooter.m in Sources */,
				34E977CE1B3E3BC4003CDCB9 /* Third1ViewController.m in Sources */,
			);
			runOnlyForDeploymentPostprocessing = 0;
		};
		348F42471B3AAF9900ED017D /* Sources */ = {
			isa = PBXSourcesBuildPhase;
			buildActionMask = 2147483647;
			files = (
				348F42521B3AAF9900ED017D /* FirstTests.m in Sources */,
			);
			runOnlyForDeploymentPostprocessing = 0;
		};
/* End PBXSourcesBuildPhase section */

/* Begin PBXTargetDependency section */
		348F424D1B3AAF9900ED017D /* PBXTargetDependency */ = {
			isa = PBXTargetDependency;
			target = 348F42371B3AAF9900ED017D /* First */;
			targetProxy = 348F424C1B3AAF9900ED017D /* PBXContainerItemProxy */;
		};
/* End PBXTargetDependency section */

/* Begin PBXVariantGroup section */
		348F42441B3AAF9900ED017D /* LaunchScreen.xib */ = {
			isa = PBXVariantGroup;
			children = (
				348F42451B3AAF9900ED017D /* Base */,
			);
			name = LaunchScreen.xib;
			sourceTree = "<group>";
		};
/* End PBXVariantGroup section */

/* Begin XCBuildConfiguration section */
		348F42531B3AAF9900ED017D /* Debug */ = {
			isa = XCBuildConfiguration;
			buildSettings = {
				ALWAYS_SEARCH_USER_PATHS = NO;
				CLANG_CXX_LANGUAGE_STANDARD = "gnu++0x";
				CLANG_CXX_LIBRARY = "libc++";
				CLANG_ENABLE_MODULES = YES;
				CLANG_ENABLE_OBJC_ARC = YES;
				CLANG_WARN_BOOL_CONVERSION = YES;
				CLANG_WARN_CONSTANT_CONVERSION = YES;
				CLANG_WARN_DIRECT_OBJC_ISA_USAGE = YES_ERROR;
				CLANG_WARN_EMPTY_BODY = YES;
				CLANG_WARN_ENUM_CONVERSION = YES;
				CLANG_WARN_INT_CONVERSION = YES;
				CLANG_WARN_OBJC_ROOT_CLASS = YES_ERROR;
				CLANG_WARN_UNREACHABLE_CODE = YES;
				CLANG_WARN__DUPLICATE_METHOD_MATCH = YES;
				"CODE_SIGN_IDENTITY[sdk=iphoneos*]" = "iPhone Developer";
				COPY_PHASE_STRIP = NO;
				ENABLE_STRICT_OBJC_MSGSEND = YES;
				GCC_C_LANGUAGE_STANDARD = gnu99;
				GCC_DYNAMIC_NO_PIC = NO;
				GCC_OPTIMIZATION_LEVEL = 0;
				GCC_PREPROCESSOR_DEFINITIONS = (
					"DEBUG=1",
					"$(inherited)",
				);
				GCC_SYMBOLS_PRIVATE_EXTERN = NO;
				GCC_WARN_64_TO_32_BIT_CONVERSION = YES;
				GCC_WARN_ABOUT_RETURN_TYPE = YES_ERROR;
				GCC_WARN_UNDECLARED_SELECTOR = YES;
				GCC_WARN_UNINITIALIZED_AUTOS = YES_AGGRESSIVE;
				GCC_WARN_UNUSED_FUNCTION = YES;
				GCC_WARN_UNUSED_VARIABLE = YES;
				IPHONEOS_DEPLOYMENT_TARGET = 8.1;
				MTL_ENABLE_DEBUG_INFO = YES;
				ONLY_ACTIVE_ARCH = YES;
				SDKROOT = iphoneos;
			};
			name = Debug;
		};
		348F42541B3AAF9900ED017D /* Release */ = {
			isa = XCBuildConfiguration;
			buildSettings = {
				ALWAYS_SEARCH_USER_PATHS = NO;
				CLANG_CXX_LANGUAGE_STANDARD = "gnu++0x";
				CLANG_CXX_LIBRARY = "libc++";
				CLANG_ENABLE_MODULES = YES;
				CLANG_ENABLE_OBJC_ARC = YES;
				CLANG_WARN_BOOL_CONVERSION = YES;
				CLANG_WARN_CONSTANT_CONVERSION = YES;
				CLANG_WARN_DIRECT_OBJC_ISA_USAGE = YES_ERROR;
				CLANG_WARN_EMPTY_BODY = YES;
				CLANG_WARN_ENUM_CONVERSION = YES;
				CLANG_WARN_INT_CONVERSION = YES;
				CLANG_WARN_OBJC_ROOT_CLASS = YES_ERROR;
				CLANG_WARN_UNREACHABLE_CODE = YES;
				CLANG_WARN__DUPLICATE_METHOD_MATCH = YES;
				"CODE_SIGN_IDENTITY[sdk=iphoneos*]" = "iPhone Developer";
				COPY_PHASE_STRIP = YES;
				ENABLE_NS_ASSERTIONS = NO;
				ENABLE_STRICT_OBJC_MSGSEND = YES;
				GCC_C_LANGUAGE_STANDARD = gnu99;
				GCC_WARN_64_TO_32_BIT_CONVERSION = YES;
				GCC_WARN_ABOUT_RETURN_TYPE = YES_ERROR;
				GCC_WARN_UNDECLARED_SELECTOR = YES;
				GCC_WARN_UNINITIALIZED_AUTOS = YES_AGGRESSIVE;
				GCC_WARN_UNUSED_FUNCTION = YES;
				GCC_WARN_UNUSED_VARIABLE = YES;
				IPHONEOS_DEPLOYMENT_TARGET = 8.1;
				MTL_ENABLE_DEBUG_INFO = NO;
				SDKROOT = iphoneos;
				VALIDATE_PRODUCT = YES;
			};
			name = Release;
		};
		348F42561B3AAF9900ED017D /* Debug */ = {
			isa = XCBuildConfiguration;
			buildSettings = {
				ASSETCATALOG_COMPILER_APPICON_NAME = AppIcon;
				CLANG_ENABLE_OBJC_ARC = NO;
				GCC_PREFIX_HEADER = "$(SRCROOT)/First/PrefixHeader.pch";
				INFOPLIST_FILE = First/Info.plist;
				LD_RUNPATH_SEARCH_PATHS = "$(inherited) @executable_path/Frameworks";
				PRODUCT_NAME = "$(TARGET_NAME)";
			};
			name = Debug;
		};
		348F42571B3AAF9900ED017D /* Release */ = {
			isa = XCBuildConfiguration;
			buildSettings = {
				ASSETCATALOG_COMPILER_APPICON_NAME = AppIcon;
				CLANG_ENABLE_OBJC_ARC = NO;
				GCC_PREFIX_HEADER = "$(SRCROOT)/First/PrefixHeader.pch";
				INFOPLIST_FILE = First/Info.plist;
				LD_RUNPATH_SEARCH_PATHS = "$(inherited) @executable_path/Frameworks";
				PRODUCT_NAME = "$(TARGET_NAME)";
			};
			name = Release;
		};
		348F42591B3AAF9900ED017D /* Debug */ = {
			isa = XCBuildConfiguration;
			buildSettings = {
				BUNDLE_LOADER = "$(TEST_HOST)";
				FRAMEWORK_SEARCH_PATHS = (
					"$(SDKROOT)/Developer/Library/Frameworks",
					"$(inherited)",
				);
				GCC_PREPROCESSOR_DEFINITIONS = (
					"DEBUG=1",
					"$(inherited)",
				);
				INFOPLIST_FILE = FirstTests/Info.plist;
				LD_RUNPATH_SEARCH_PATHS = "$(inherited) @executable_path/Frameworks @loader_path/Frameworks";
				PRODUCT_NAME = "$(TARGET_NAME)";
				TEST_HOST = "$(BUILT_PRODUCTS_DIR)/First.app/First";
			};
			name = Debug;
		};
		348F425A1B3AAF9900ED017D /* Release */ = {
			isa = XCBuildConfiguration;
			buildSettings = {
				BUNDLE_LOADER = "$(TEST_HOST)";
				FRAMEWORK_SEARCH_PATHS = (
					"$(SDKROOT)/Developer/Library/Frameworks",
					"$(inherited)",
				);
				INFOPLIST_FILE = FirstTests/Info.plist;
				LD_RUNPATH_SEARCH_PATHS = "$(inherited) @executable_path/Frameworks @loader_path/Frameworks";
				PRODUCT_NAME = "$(TARGET_NAME)";
				TEST_HOST = "$(BUILT_PRODUCTS_DIR)/First.app/First";
			};
			name = Release;
		};
/* End XCBuildConfiguration section */

/* Begin XCConfigurationList section */
		348F42331B3AAF9900ED017D /* Build configuration list for PBXProject "First" */ = {
			isa = XCConfigurationList;
			buildConfigurations = (
				348F42531B3AAF9900ED017D /* Debug */,
				348F42541B3AAF9900ED017D /* Release */,
			);
			defaultConfigurationIsVisible = 0;
			defaultConfigurationName = Release;
		};
		348F42551B3AAF9900ED017D /* Build configuration list for PBXNativeTarget "First" */ = {
			isa = XCConfigurationList;
			buildConfigurations = (
				348F42561B3AAF9900ED017D /* Debug */,
				348F42571B3AAF9900ED017D /* Release */,
			);
			defaultConfigurationIsVisible = 0;
			defaultConfigurationName = Release;
		};
		348F42581B3AAF9900ED017D /* Build configuration list for PBXNativeTarget "FirstTests" */ = {
			isa = XCConfigurationList;
			buildConfigurations = (
				348F42591B3AAF9900ED017D /* Debug */,
				348F425A1B3AAF9900ED017D /* Release */,
			);
			defaultConfigurationIsVisible = 0;
			defaultConfigurationName = Release;
		};
/* End XCConfigurationList section */
	};
	rootObject = 348F42301B3AAF9900ED017D /* Project object */;
}
